
Microsoft Visual Studio Solution File, Format Version 12.00
# Visual Studio 15
VisualStudioVersion = 15.0.28307.572
MinimumVisualStudioVersion = 10.0.40219.1
Project("{FAE04EC0-301F-11D3-BF4B-00C04F79EFBC}") = "WorldBirdNamesParser", "WorldBirdNamesParser\WorldBirdNamesParser.csproj", "{9D963917-B330-45A8-BB4E-8057EE3000D6}"
EndProject
Global
	GlobalSection(SolutionConfigurationPlatforms) = preSolution
		Debug|Any CPU = Debug|Any CPU
		Release|Any CPU = Release|Any CPU
	EndGlobalSection
	GlobalSection(ProjectConfigurationPlatforms) = postSolution
		{9D963917-B330-45A8-BB4E-8057EE3000D6}.Debug|Any CPU.ActiveCfg = Debug|Any CPU
		{9D963917-B330-45A8-BB4E-8057EE3000D6}.Debug|Any CPU.Build.0 = Debug|Any CPU
		{9D963917-B330-45A8-BB4E-8057EE3000D6}.Release|Any CPU.ActiveCfg = Release|Any CPU
		{9D963917-B330-45A8-BB4E-8057EE3000D6}.Release|Any CPU.Build.0 = Release|Any CPU
	EndGlobalSection
	GlobalSection(SolutionProperties) = preSolution
		HideSolutionNode = FALSE
	EndGlobalSection
	GlobalSection(ExtensibilityGlobals) = postSolution
		SolutionGuid = {053163B9-AC65-444D-A2C6-F5E078729EA4}
	EndGlobalSection
EndGlobal
